
Microsoft Visual Studio Solution File, Format Version 12.00
# Visual Studio Version 17
VisualStudioVersion = 17.0.31903.59
MinimumVisualStudioVersion = 10.0.40219.1
Project("{9A19103F-16F7-4668-BE54-9A1E7A4F7556}") = "PresentationLayer", "PresentationLayer\PresentationLayer.csproj", "{6394933E-91AB-4E98-B2A5-EB4782115596}"
EndProject
Project("{9A19103F-16F7-4668-BE54-9A1E7A4F7556}") = "DataLayer", "DataLayer\DataLayer.csproj", "{4FE57A13-5A29-4453-A725-9A02946C3F0D}"
EndProject
Project("{9A19103F-16F7-4668-BE54-9A1E7A4F7556}") = "BusinessLayer", "BusinessLayer\BusinessLayer.csproj", "{8331BA5A-BADF-4401-BD73-17D87845658D}"
EndProject
Global
	GlobalSection(SolutionConfigurationPlatforms) = preSolution
		Debug|Any CPU = Debug|Any CPU
		Release|Any CPU = Release|Any CPU
	EndGlobalSection
	GlobalSection(ProjectConfigurationPlatforms) = postSolution
		{6394933E-91AB-4E98-B2A5-EB4782115596}.Debug|Any CPU.ActiveCfg = Debug|Any CPU
		{6394933E-91AB-4E98-B2A5-EB4782115596}.Debug|Any CPU.Build.0 = Debug|Any CPU
		{6394933E-91AB-4E98-B2A5-EB4782115596}.Release|Any CPU.ActiveCfg = Release|Any CPU
		{6394933E-91AB-4E98-B2A5-EB4782115596}.Release|Any CPU.Build.0 = Release|Any CPU
		{4FE57A13-5A29-4453-A725-9A02946C3F0D}.Debug|Any CPU.ActiveCfg = Debug|Any CPU
		{4FE57A13-5A29-4453-A725-9A02946C3F0D}.Debug|Any CPU.Build.0 = Debug|Any CPU
		{4FE57A13-5A29-4453-A725-9A02946C3F0D}.Release|Any CPU.ActiveCfg = Release|Any CPU
		{4FE57A13-5A29-4453-A725-9A02946C3F0D}.Release|Any CPU.Build.0 = Release|Any CPU
		{8331BA5A-BADF-4401-BD73-17D87845658D}.Debug|Any CPU.ActiveCfg = Debug|Any CPU
		{8331BA5A-BADF-4401-BD73-17D87845658D}.Debug|Any CPU.Build.0 = Debug|Any CPU
		{8331BA5A-BADF-4401-BD73-17D87845658D}.Release|Any CPU.ActiveCfg = Release|Any CPU
		{8331BA5A-BADF-4401-BD73-17D87845658D}.Release|Any CPU.Build.0 = Release|Any CPU
	EndGlobalSection
	GlobalSection(SolutionProperties) = preSolution
		HideSolutionNode = FALSE
	EndGlobalSection
	GlobalSection(ExtensibilityGlobals) = postSolution
		SolutionGuid = {1DE13D8D-9232-4EA8-8061-7F4BEC1F5EF1}
	EndGlobalSection
EndGlobal
